<?xml version="1.0" encoding="utf-8"?>
<Project ToolsVersion="4.0" xmlns="http://schemas.microsoft.com/developer/msbuild/2003">
  <ItemGroup>
    <Filter Include="Source Files">
      <UniqueIdentifier>{4FC737F1-C7A5-4376-A066-2A32D752A2FF}</UniqueIdentifier>
      <Extensions>cpp;c;cc;cxx;c++;cppm;ixx;def;odl;idl;hpj;bat;asm;asmx</Extensions>
    </Filter>
    <Filter Include="Header Files">
      <UniqueIdentifier>{93995380-89BD-4b04-88EB-625FBE52EBFB}</UniqueIdentifier>
      <Extensions>h;hh;hpp;hxx;h++;hm;inl;inc;ipp;xsd</Extensions>
    </Filter>
    <Filter Include="Resource Files">
      <UniqueIdentifier>{67DA6AB6-F800-4c08-8B7A-83BB121AAD01}</UniqueIdentifier>
      <Extensions>rc;ico;cur;bmp;dlg;rc2;rct;bin;rgs;gif;jpg;jpeg;jpe;resx;tiff;tif;png;wav;mfcribbon-ms</Extensions>
    </Filter>
    <Filter Include="Source Files\7z">
      <UniqueIdentifier>{be58d8dd-60de-4ff2-95ca-04119fda36e9}</UniqueIdentifier>
    </Filter>
  </ItemGroup>
  <ItemGroup>
    <ClCompile Include="Source.cpp">
      <Filter>Source Files</Filter>
    </ClCompile>
    <ClCompile Include="Lib\7zFile.c">
      <Filter>Source Files\7z</Filter>
    </ClCompile>
    <ClCompile Include="Lib\CpuArch.c">
      <Filter>Source Files\7z</Filter>
    </ClCompile>
    <ClCompile Include="Lib\Threads.c">
      <Filter>Source Files\7z</Filter>
    </ClCompile>
    <ClCompile Include="Lib\Ppmd7Enc.c">
      <Filter>Source Files\7z</Filter>
    </ClCompile>
    <ClCompile Include="Lib\Ppmd7Dec.c">
      <Filter>Source Files\7z</Filter>
    </ClCompile>
    <ClCompile Include="Lib\Ppmd7.c">
      <Filter>Source Files\7z</Filter>
    </ClCompile>
    <ClCompile Include="Lib\7zCrc.c">
      <Filter>Source Files\7z</Filter>
    </ClCompile>
    <ClCompile Include="Lib\Aes.c">
      <Filter>Source Files\7z</Filter>
    </ClCompile>
    <ClCompile Include="Lib\AesOpt.c">
      <Filter>Source Files\7z</Filter>
    </ClCompile>
    <ClCompile Include="Lib\LzFind.c">
      <Filter>Source Files\7z</Filter>
    </ClCompile>
    <ClCompile Include="Lib\LzFindMt.c">
      <Filter>Source Files\7z</Filter>
    </ClCompile>
    <ClCompile Include="Lib\Lzma2DecMt.c">
      <Filter>Source Files\7z</Filter>
    </ClCompile>
    <ClCompile Include="Lib\LzmaDec.c">
      <Filter>Source Files\7z</Filter>
    </ClCompile>
    <ClCompile Include="Lib\LzmaEnc.c">
      <Filter>Source Files\7z</Filter>
    </ClCompile>
    <ClCompile Include="Lib\Sha256.c">
      <Filter>Source Files\7z</Filter>
    </ClCompile>
    <ClCompile Include="Lib\Sha256Opt.c">
      <Filter>Source Files\7z</Filter>
    </ClCompile>
    <ClCompile Include="Lib\XzIn.c">
      <Filter>Source Files\7z</Filter>
    </ClCompile>
    <ClCompile Include="Lib\XzEnc.c">
      <Filter>Source Files\7z</Filter>
    </ClCompile>
    <ClCompile Include="Lib\XzDec.c">
      <Filter>Source Files\7z</Filter>
    </ClCompile>
    <ClCompile Include="Lib\MtDec.c">
      <Filter>Source Files\7z</Filter>
    </ClCompile>
    <ClCompile Include="Lib\7zDec.c">
      <Filter>Source Files\7z</Filter>
    </ClCompile>
    <ClCompile Include="Lib\7zStream.c">
      <Filter>Source Files\7z</Filter>
    </ClCompile>
    <ClCompile Include="Lib\Bcj2.c">
      <Filter>Source Files\7z</Filter>
    </ClCompile>
    <ClCompile Include="Lib\Bcj2Enc.c">
      <Filter>Source Files\7z</Filter>
    </ClCompile>
    <ClCompile Include="Lib\Bra.c">
      <Filter>Source Files\7z</Filter>
    </ClCompile>
    <ClCompile Include="Lib\Bra86.c">
      <Filter>Source Files\7z</Filter>
    </ClCompile>
    <ClCompile Include="Lib\Delta.c">
      <Filter>Source Files\7z</Filter>
    </ClCompile>
    <ClCompile Include="Lib\Lzma2Enc.c">
      <Filter>Source Files\7z</Filter>
    </ClCompile>
    <ClCompile Include="Lib\MtCoder.c">
      <Filter>Source Files\7z</Filter>
    </ClCompile>
    <ClCompile Include="Lib\Xz.c">
      <Filter>Source Files\7z</Filter>
    </ClCompile>
    <ClCompile Include="Lib\7zArcIn.c">
      <Filter>Source Files\7z</Filter>
    </ClCompile>
    <ClCompile Include="Lib\7zCrcOpt.c">
      <Filter>Source Files\7z</Filter>
    </ClCompile>
    <ClCompile Include="Lib\Alloc.c">
      <Filter>Source Files\7z</Filter>
    </ClCompile>
    <ClCompile Include="Lib\Lzma2Dec.c">
      <Filter>Source Files\7z</Filter>
    </ClCompile>
    <ClCompile Include="Lib\XzCrc64Opt.c">
      <Filter>Source Files\7z</Filter>
    </ClCompile>
    <ClCompile Include="Lib\DllSecur.c">
      <Filter>Source Files\7z</Filter>
    </ClCompile>
    <ClCompile Include="Lib\Lzma86Enc.c">
      <Filter>Source Files\7z</Filter>
    </ClCompile>
    <ClCompile Include="Lib\XzCrc64.c">
      <Filter>Source Files\7z</Filter>
    </ClCompile>
    <ClCompile Include="Lib\7zBuf.c">
      <Filter>Source Files\7z</Filter>
    </ClCompile>
    <ClCompile Include="Lib\7zBuf2.c">
      <Filter>Source Files\7z</Filter>
    </ClCompile>
    <ClCompile Include="Lib\7zAlloc.c">
      <Filter>Source Files\7z</Filter>
    </ClCompile>
    <ClCompile Include="Lib\BraIA64.c">
      <Filter>Source Files\7z</Filter>
    </ClCompile>
    <ClCompile Include="Lib\Lzma86Dec.c">
      <Filter>Source Files\7z</Filter>
    </ClCompile>
    <ClCompile Include="Lib\LzmaLib.c">
      <Filter>Source Files\7z</Filter>
    </ClCompile>
    <ClCompile Include="Lib\Sort.c">
      <Filter>Source Files\7z</Filter>
    </ClCompile>
  </ItemGroup>
  <ItemGroup>
    <ClInclude Include="explode.h">
      <Filter>Header Files</Filter>
    </ClInclude>
    <ClInclude Include="replay.h">
      <Filter>Header Files</Filter>
    </ClInclude>
    <ClInclude Include="frame_average.h">
      <Filter>Header Files</Filter>
    </ClInclude>
  </ItemGroup>
</Project>